// !$*UTF8*$!
{
	archiveVersion = 1;
	classes = {
	};
	objectVersion = 46;
	objects = {

/* Begin PBXBuildFile section */
		D7BA9A081B424CB5003F61E2 /* AppDelegate.swift in Sources */ = {isa = PBXBuildFile; fileRef = D7BA9A071B424CB5003F61E2 /* AppDelegate.swift */; };
		D7BA9A0A1B424CB5003F61E2 /* ViewController.swift in Sources */ = {isa = PBXBuildFile; fileRef = D7BA9A091B424CB5003F61E2 /* ViewController.swift */; };
		D7BA9A0D1B424CB5003F61E2 /* Main.storyboard in Resources */ = {isa = PBXBuildFile; fileRef = D7BA9A0B1B424CB5003F61E2 /* Main.storyboard */; };
		D7BA9A0F1B424CB5003F61E2 /* Images.xcassets in Resources */ = {isa = PBXBuildFile; fileRef = D7BA9A0E1B424CB5003F61E2 /* Images.xcassets */; };
		D7BA9A121B424CB5003F61E2 /* LaunchScreen.xib in Resources */ = {isa = PBXBuildFile; fileRef = D7BA9A101B424CB5003F61E2 /* LaunchScreen.xib */; };
		D7BA9A1E1B424CB5003F61E2 /* FuelControlTests.swift in Sources */ = {isa = PBXBuildFile; fileRef = D7BA9A1D1B424CB5003F61E2 /* FuelControlTests.swift */; };
/* End PBXBuildFile section */

/* Begin PBXContainerItemProxy section */
		D7BA9A181B424CB5003F61E2 /* PBXContainerItemProxy */ = {
			isa = PBXContainerItemProxy;
			containerPortal = D7BA99FA1B424CB4003F61E2 /* Project object */;
			proxyType = 1;
			remoteGlobalIDString = D7BA9A011B424CB4003F61E2;
			remoteInfo = FuelControl;
		};
/* End PBXContainerItemProxy section */

/* Begin PBXFileReference section */
		D7BA9A021B424CB4003F61E2 /* FuelControl.app */ = {isa = PBXFileReference; explicitFileType = wrapper.application; includeInIndex = 0; path = FuelControl.app; sourceTree = BUILT_PRODUCTS_DIR; };
		D7BA9A061B424CB5003F61E2 /* Info.plist */ = {isa = PBXFileReference; lastKnownFileType = text.plist.xml; path = Info.plist; sourceTree = "<group>"; };
		D7BA9A071B424CB5003F61E2 /* AppDelegate.swift */ = {isa = PBXFileReference; lastKnownFileType = sourcecode.swift; path = AppDelegate.swift; sourceTree = "<group>"; };
		D7BA9A091B424CB5003F61E2 /* ViewController.swift */ = {isa = PBXFileReference; lastKnownFileType = sourcecode.swift; path = ViewController.swift; sourceTree = "<group>"; };
		D7BA9A0C1B424CB5003F61E2 /* Base */ = {isa = PBXFileReference; lastKnownFileType = file.storyboard; name = Base; path = Base.lproj/Main.storyboard; sourceTree = "<group>"; };
		D7BA9A0E1B424CB5003F61E2 /* Images.xcassets */ = {isa = PBXFileReference; lastKnownFileType = folder.assetcatalog; path = Images.xcassets; sourceTree = "<group>"; };
		D7BA9A111B424CB5003F61E2 /* Base */ = {isa = PBXFileReference; lastKnownFileType = file.xib; name = Base; path = Base.lproj/LaunchScreen.xib; sourceTree = "<group>"; };
		D7BA9A171B424CB5003F61E2 /* FuelControlTests.xctest */ = {isa = PBXFileReference; explicitFileType = wrapper.cfbundle; includeInIndex = 0; path = FuelControlTests.xctest; sourceTree = BUILT_PRODUCTS_DIR; };
		D7BA9A1C1B424CB5003F61E2 /* Info.plist */ = {isa = PBXFileReference; lastKnownFileType = text.plist.xml; path = Info.plist; sourceTree = "<group>"; };
		D7BA9A1D1B424CB5003F61E2 /* FuelControlTests.swift */ = {isa = PBXFileReference; lastKnownFileType = sourcecode.swift; path = FuelControlTests.swift; sourceTree = "<group>"; };
/* End PBXFileReference section */

/* Begin PBXFrameworksBuildPhase section */
		D7BA99FF1B424CB4003F61E2 /* Frameworks */ = {
			isa = PBXFrameworksBuildPhase;
			buildActionMask = 2147483647;
			files = (
			);
			runOnlyForDeploymentPostprocessing = 0;
		};
		D7BA9A141B424CB5003F61E2 /* Frameworks */ = {
			isa = PBXFrameworksBuildPhase;
			buildActionMask = 2147483647;
			files = (
			);
			runOnlyForDeploymentPostprocessing = 0;
		};
/* End PBXFrameworksBuildPhase section */

/* Begin PBXGroup section */
		D7BA99F91B424CB4003F61E2 = {
			isa = PBXGroup;
			children = (
				D7BA9A041B424CB4003F61E2 /* FuelControl */,
				D7BA9A1A1B424CB5003F61E2 /* FuelControlTests */,
				D7BA9A031B424CB4003F61E2 /* Products */,
			);
			sourceTree = "<group>";
		};
		D7BA9A031B424CB4003F61E2 /* Products */ = {
			isa = PBXGroup;
			children = (
				D7BA9A021B424CB4003F61E2 /* FuelControl.app */,
				D7BA9A171B424CB5003F61E2 /* FuelControlTests.xctest */,
			);
			name = Products;
			sourceTree = "<group>";
		};
		D7BA9A041B424CB4003F61E2 /* FuelControl */ = {
			isa = PBXGroup;
			children = (
				D7BA9A071B424CB5003F61E2 /* AppDelegate.swift */,
				D7BA9A091B424CB5003F61E2 /* ViewController.swift */,
				D7BA9A0B1B424CB5003F61E2 /* Main.storyboard */,
				D7BA9A0E1B424CB5003F61E2 /* Images.xcassets */,
				D7BA9A101B424CB5003F61E2 /* LaunchScreen.xib */,
				D7BA9A051B424CB4003F61E2 /* Supporting Files */,
			);
			path = FuelControl;
			sourceTree = "<group>";
		};
		D7BA9A051B424CB4003F61E2 /* Supporting Files */ = {
			isa = PBXGroup;
			children = (
				D7BA9A061B424CB5003F61E2 /* Info.plist */,
			);
			name = "Supporting Files";
			sourceTree = "<group>";
		};
		D7BA9A1A1B424CB5003F61E2 /* FuelControlTests */ = {
			isa = PBXGroup;
			children = (
				D7BA9A1D1B424CB5003F61E2 /* FuelControlTests.swift */,
				D7BA9A1B1B424CB5003F61E2 /* Supporting Files */,
			);
			path = FuelControlTests;
			sourceTree = "<group>";
		};
		D7BA9A1B1B424CB5003F61E2 /* Supporting Files */ = {
			isa = PBXGroup;
			children = (
				D7BA9A1C1B424CB5003F61E2 /* Info.plist */,
			);
			name = "Supporting Files";
			sourceTree = "<group>";
		};
/* End PBXGroup section */

/* Begin PBXNativeTarget section */
		D7BA9A011B424CB4003F61E2 /* FuelControl */ = {
			isa = PBXNativeTarget;
			buildConfigurationList = D7BA9A211B424CB5003F61E2 /* Build configuration list for PBXNativeTarget "FuelControl" */;
			buildPhases = (
				D7BA99FE1B424CB4003F61E2 /* Sources */,
				D7BA99FF1B424CB4003F61E2 /* Frameworks */,
				D7BA9A001B424CB4003F61E2 /* Resources */,
			);
			buildRules = (
			);
			dependencies = (
			);
			name = FuelControl;
			productName = FuelControl;
			productReference = D7BA9A021B424CB4003F61E2 /* FuelControl.app */;
			productType = "com.apple.product-type.application";
		};
		D7BA9A161B424CB5003F61E2 /* FuelControlTests */ = {
			isa = PBXNativeTarget;
			buildConfigurationList = D7BA9A241B424CB5003F61E2 /* Build configuration list for PBXNativeTarget "FuelControlTests" */;
			buildPhases = (
				D7BA9A131B424CB5003F61E2 /* Sources */,
				D7BA9A141B424CB5003F61E2 /* Frameworks */,
				D7BA9A151B424CB5003F61E2 /* Resources */,
			);
			buildRules = (
			);
			dependencies = (
				D7BA9A191B424CB5003F61E2 /* PBXTargetDependency */,
			);
			name = FuelControlTests;
			productName = FuelControlTests;
			productReference = D7BA9A171B424CB5003F61E2 /* FuelControlTests.xctest */;
			productType = "com.apple.product-type.bundle.unit-test";
		};
/* End PBXNativeTarget section */

/* Begin PBXProject section */
		D7BA99FA1B424CB4003F61E2 /* Project object */ = {
			isa = PBXProject;
			attributes = {
				LastUpgradeCheck = 0630;
				ORGANIZATIONNAME = PapiusSoft;
				TargetAttributes = {
					D7BA9A011B424CB4003F61E2 = {
						CreatedOnToolsVersion = 6.3.2;
					};
					D7BA9A161B424CB5003F61E2 = {
						CreatedOnToolsVersion = 6.3.2;
						TestTargetID = D7BA9A011B424CB4003F61E2;
					};
				};
			};
			buildConfigurationList = D7BA99FD1B424CB4003F61E2 /* Build configuration list for PBXProject "FuelControl" */;
			compatibilityVersion = "Xcode 3.2";
			developmentRegion = English;
			hasScannedForEncodings = 0;
			knownRegions = (
				en,
				Base,
			);
			mainGroup = D7BA99F91B424CB4003F61E2;
			productRefGroup = D7BA9A031B424CB4003F61E2 /* Products */;
			projectDirPath = "";
			projectRoot = "";
			targets = (
				D7BA9A011B424CB4003F61E2 /* FuelControl */,
				D7BA9A161B424CB5003F61E2 /* FuelControlTests */,
			);
		};
/* End PBXProject section */

/* Begin PBXResourcesBuildPhase section */
		D7BA9A001B424CB4003F61E2 /* Resources */ = {
			isa = PBXResourcesBuildPhase;
			buildActionMask = 2147483647;
			files = (
				D7BA9A0D1B424CB5003F61E2 /* Main.storyboard in Resources */,
				D7BA9A121B424CB5003F61E2 /* LaunchScreen.xib in Resources */,
				D7BA9A0F1B424CB5003F61E2 /* Images.xcassets in Resources */,
			);
			runOnlyForDeploymentPostprocessing = 0;
		};
		D7BA9A151B424CB5003F61E2 /* Resources */ = {
			isa = PBXResourcesBuildPhase;
			buildActionMask = 2147483647;
			files = (
			);
			runOnlyForDeploymentPostprocessing = 0;
		};
/* End PBXResourcesBuildPhase section */

/* Begin PBXSourcesBuildPhase section */
		D7BA99FE1B424CB4003F61E2 /* Sources */ = {
			isa = PBXSourcesBuildPhase;
			buildActionMask = 2147483647;
			files = (
				D7BA9A0A1B424CB5003F61E2 /* ViewController.swift in Sources */,
				D7BA9A081B424CB5003F61E2 /* AppDelegate.swift in Sources */,
			);
			runOnlyForDeploymentPostprocessing = 0;
		};
		D7BA9A131B424CB5003F61E2 /* Sources */ = {
			isa = PBXSourcesBuildPhase;
			buildActionMask = 2147483647;
			files = (
				D7BA9A1E1B424CB5003F61E2 /* FuelControlTests.swift in Sources */,
			);
			runOnlyForDeploymentPostprocessing = 0;
		};
/* End PBXSourcesBuildPhase section */

/* Begin PBXTargetDependency section */
		D7BA9A191B424CB5003F61E2 /* PBXTargetDependency */ = {
			isa = PBXTargetDependency;
			target = D7BA9A011B424CB4003F61E2 /* FuelControl */;
			targetProxy = D7BA9A181B424CB5003F61E2 /* PBXContainerItemProxy */;
		};
/* End PBXTargetDependency section */

/* Begin PBXVariantGroup section */
		D7BA9A0B1B424CB5003F61E2 /* Main.storyboard */ = {
			isa = PBXVariantGroup;
			children = (
				D7BA9A0C1B424CB5003F61E2 /* Base */,
			);
			name = Main.storyboard;
			sourceTree = "<group>";
		};
		D7BA9A101B424CB5003F61E2 /* LaunchScreen.xib */ = {
			isa = PBXVariantGroup;
			children = (
				D7BA9A111B424CB5003F61E2 /* Base */,
			);
			name = LaunchScreen.xib;
			sourceTree = "<group>";
		};
/* End PBXVariantGroup section */

/* Begin XCBuildConfiguration section */
		D7BA9A1F1B424CB5003F61E2 /* Debug */ = {
			isa = XCBuildConfiguration;
			buildSettings = {
				ALWAYS_SEARCH_USER_PATHS = NO;
				CLANG_CXX_LANGUAGE_STANDARD = "gnu++0x";
				CLANG_CXX_LIBRARY = "libc++";
				CLANG_ENABLE_MODULES = YES;
				CLANG_ENABLE_OBJC_ARC = YES;
				CLANG_WARN_BOOL_CONVERSION = YES;
				CLANG_WARN_CONSTANT_CONVERSION = YES;
				CLANG_WARN_DIRECT_OBJC_ISA_USAGE = YES_ERROR;
				CLANG_WARN_EMPTY_BODY = YES;
				CLANG_WARN_ENUM_CONVERSION = YES;
				CLANG_WARN_INT_CONVERSION = YES;
				CLANG_WARN_OBJC_ROOT_CLASS = YES_ERROR;
				CLANG_WARN_UNREACHABLE_CODE = YES;
				CLANG_WARN__DUPLICATE_METHOD_MATCH = YES;
				"CODE_SIGN_IDENTITY[sdk=iphoneos*]" = "iPhone Developer";
				COPY_PHASE_STRIP = NO;
				DEBUG_INFORMATION_FORMAT = "dwarf-with-dsym";
				ENABLE_STRICT_OBJC_MSGSEND = YES;
				GCC_C_LANGUAGE_STANDARD = gnu99;
				GCC_DYNAMIC_NO_PIC = NO;
				GCC_NO_COMMON_BLOCKS = YES;
				GCC_OPTIMIZATION_LEVEL = 0;
				GCC_PREPROCESSOR_DEFINITIONS = (
					"DEBUG=1",
					"$(inherited)",
				);
				GCC_SYMBOLS_PRIVATE_EXTERN = NO;
				GCC_WARN_64_TO_32_BIT_CONVERSION = YES;
				GCC_WARN_ABOUT_RETURN_TYPE = YES_ERROR;
				GCC_WARN_UNDECLARED_SELECTOR = YES;
				GCC_WARN_UNINITIALIZED_AUTOS = YES_AGGRESSIVE;
				GCC_WARN_UNUSED_FUNCTION = YES;
				GCC_WARN_UNUSED_VARIABLE = YES;
				IPHONEOS_DEPLOYMENT_TARGET = 8.3;
				MTL_ENABLE_DEBUG_INFO = YES;
				ONLY_ACTIVE_ARCH = YES;
				SDKROOT = iphoneos;
				SWIFT_OPTIMIZATION_LEVEL = "-Onone";
				TARGETED_DEVICE_FAMILY = "1,2";
			};
			name = Debug;
		};
		D7BA9A201B424CB5003F61E2 /* Release */ = {
			isa = XCBuildConfiguration;
			buildSettings = {
				ALWAYS_SEARCH_USER_PATHS = NO;
				CLANG_CXX_LANGUAGE_STANDARD = "gnu++0x";
				CLANG_CXX_LIBRARY = "libc++";
				CLANG_ENABLE_MODULES = YES;
				CLANG_ENABLE_OBJC_ARC = YES;
				CLANG_WARN_BOOL_CONVERSION = YES;
				CLANG_WARN_CONSTANT_CONVERSION = YES;
				CLANG_WARN_DIRECT_OBJC_ISA_USAGE = YES_ERROR;
				CLANG_WARN_EMPTY_BODY = YES;
				CLANG_WARN_ENUM_CONVERSION = YES;
				CLANG_WARN_INT_CONVERSION = YES;
				CLANG_WARN_OBJC_ROOT_CLASS = YES_ERROR;
				CLANG_WARN_UNREACHABLE_CODE = YES;
				CLANG_WARN__DUPLICATE_METHOD_MATCH = YES;
				"CODE_SIGN_IDENTITY[sdk=iphoneos*]" = "iPhone Developer";
				COPY_PHASE_STRIP = NO;
				DEBUG_INFORMATION_FORMAT = "dwarf-with-dsym";
				ENABLE_NS_ASSERTIONS = NO;
				ENABLE_STRICT_OBJC_MSGSEND = YES;
				GCC_C_LANGUAGE_STANDARD = gnu99;
				GCC_NO_COMMON_BLOCKS = YES;
				GCC_WARN_64_TO_32_BIT_CONVERSION = YES;
				GCC_WARN_ABOUT_RETURN_TYPE = YES_ERROR;
				GCC_WARN_UNDECLARED_SELECTOR = YES;
				GCC_WARN_UNINITIALIZED_AUTOS = YES_AGGRESSIVE;
				GCC_WARN_UNUSED_FUNCTION = YES;
				GCC_WARN_UNUSED_VARIABLE = YES;
				IPHONEOS_DEPLOYMENT_TARGET = 8.3;
				MTL_ENABLE_DEBUG_INFO = NO;
				SDKROOT = iphoneos;
				TARGETED_DEVICE_FAMILY = "1,2";
				VALIDATE_PRODUCT = YES;
			};
			name = Release;
		};
		D7BA9A221B424CB5003F61E2 /* Debug */ = {
			isa = XCBuildConfiguration;
			buildSettings = {
				ASSETCATALOG_COMPILER_APPICON_NAME = AppIcon;
				INFOPLIST_FILE = FuelControl/Info.plist;
				LD_RUNPATH_SEARCH_PATHS = "$(inherited) @executable_path/Frameworks";
				PRODUCT_NAME = "$(TARGET_NAME)";
			};
			name = Debug;
		};
		D7BA9A231B424CB5003F61E2 /* Release */ = {
			isa = XCBuildConfiguration;
			buildSettings = {
				ASSETCATALOG_COMPILER_APPICON_NAME = AppIcon;
				INFOPLIST_FILE = FuelControl/Info.plist;
				LD_RUNPATH_SEARCH_PATHS = "$(inherited) @executable_path/Frameworks";
				PRODUCT_NAME = "$(TARGET_NAME)";
			};
			name = Release;
		};
		D7BA9A251B424CB5003F61E2 /* Debug */ = {
			isa = XCBuildConfiguration;
			buildSettings = {
				BUNDLE_LOADER = "$(TEST_HOST)";
				FRAMEWORK_SEARCH_PATHS = (
					"$(SDKROOT)/Developer/Library/Frameworks",
					"$(inherited)",
				);
				GCC_PREPROCESSOR_DEFINITIONS = (
					"DEBUG=1",
					"$(inherited)",
				);
				INFOPLIST_FILE = FuelControlTests/Info.plist;
				LD_RUNPATH_SEARCH_PATHS = "$(inherited) @executable_path/Frameworks @loader_path/Frameworks";
				PRODUCT_NAME = "$(TARGET_NAME)";
				TEST_HOST = "$(BUILT_PRODUCTS_DIR)/FuelControl.app/FuelControl";
			};
			name = Debug;
		};
		D7BA9A261B424CB5003F61E2 /* Release */ = {
			isa = XCBuildConfiguration;
			buildSettings = {
				BUNDLE_LOADER = "$(TEST_HOST)";
				FRAMEWORK_SEARCH_PATHS = (
					"$(SDKROOT)/Developer/Library/Frameworks",
					"$(inherited)",
				);
				INFOPLIST_FILE = FuelControlTests/Info.plist;
				LD_RUNPATH_SEARCH_PATHS = "$(inherited) @executable_path/Frameworks @loader_path/Frameworks";
				PRODUCT_NAME = "$(TARGET_NAME)";
				TEST_HOST = "$(BUILT_PRODUCTS_DIR)/FuelControl.app/FuelControl";
			};
			name = Release;
		};
/* End XCBuildConfiguration section */

/* Begin XCConfigurationList section */
		D7BA99FD1B424CB4003F61E2 /* Build configuration list for PBXProject "FuelControl" */ = {
			isa = XCConfigurationList;
			buildConfigurations = (
				D7BA9A1F1B424CB5003F61E2 /* Debug */,
				D7BA9A201B424CB5003F61E2 /* Release */,
			);
			defaultConfigurationIsVisible = 0;
			defaultConfigurationName = Release;
		};
		D7BA9A211B424CB5003F61E2 /* Build configuration list for PBXNativeTarget "FuelControl" */ = {
			isa = XCConfigurationList;
			buildConfigurations = (
				D7BA9A221B424CB5003F61E2 /* Debug */,
				D7BA9A231B424CB5003F61E2 /* Release */,
			);
			defaultConfigurationIsVisible = 0;
		};
		D7BA9A241B424CB5003F61E2 /* Build configuration list for PBXNativeTarget "FuelControlTests" */ = {
			isa = XCConfigurationList;
			buildConfigurations = (
				D7BA9A251B424CB5003F61E2 /* Debug */,
				D7BA9A261B424CB5003F61E2 /* Release */,
			);
			defaultConfigurationIsVisible = 0;
		};
/* End XCConfigurationList section */
	};
	rootObject = D7BA99FA1B424CB4003F61E2 /* Project object */;
}
